schema: '2.0'
stages:
  preprocess:
    cmd: python3 src/preprocess_data.py
    deps:
    - path: data/
      md5: 3d9e62a9c241fcfcf634384a95dd4cf4.dir
      size: 10408878
      nfiles: 4
    - path: src/common/
      md5: 7a6d386c4238d1baf9fddfa805f5bd2c.dir
      size: 3093
      nfiles: 4
    - path: src/preprocess_data.py
      md5: b1e680538f0a6e8e3026c983335b2807
      size: 3414
    outs:
    - path: outputs/models/vectorizer.pkl
      md5: acbb1961b64a8847879253b6885a8b10
      size: 6039578
    - path: outputs/processed_data/
      md5: 7730ae7add1883a1d89e24abfc316802.dir
      size: 112774922
      nfiles: 6
  train:
    cmd: poetry run python3 src/train_model.py data/ outputs/nltk_corpora/ outputs/models/
      outputs/metrics/
    deps:
    - path: data/
      md5: 3d9e62a9c241fcfcf634384a95dd4cf4.dir
      size: 10408878
      nfiles: 4
    - path: src/common/
      md5: dcc406e579aef44d444d1fd63020df8e.dir
      size: 5222
      nfiles: 5
    - path: src/train_model.py
      md5: 2660f5588ff26344a532836484c7dcb4
      size: 4897
    outs:
    - path: outputs/metrics/model_metrics.json
      md5: df5428598ecdac9c4392da0941c3019e
      size: 96
    - path: outputs/models/
      md5: 88d254f23962352bd81950fd7f4164bc.dir
      size: 27566989
      nfiles: 3
    - path: outputs/nltk_corpora/
      md5: 0f5ffa2f0ac78640a89e95ee348f9e98.dir
      size: 90497
      nfiles: 26
  build_frontend:
    cmd: docker build -t nidhogg-frontend -f docker/frontend.Dockerfile .
    deps:
    - path: docker/frontend.Dockerfile
      md5: 11bffecffb290e4df201c8f5b802f923
      size: 651
    - path: poetry.lock
      md5: b7cf33e8b1f3779b963396c21efd9df0
      size: 193328
    - path: src/frontend/
      md5: 2894d6d06bc6f0fcc591429d2425e051.dir
      size: 1322
      nfiles: 2
  build_backend:
    cmd: docker build -t nidhogg-backend -f inference/Dockerfile .
    deps:
    - path: inference/Dockerfile
      md5: 93d08356bebcc6868344888323aedfc6
      size: 700
    - path: outputs/models/tfidf_model.pkl
      md5: 40c023aa76368aa506f19c1ed2a9ef45
      size: 21526649
    - path: outputs/models/vectorizer.pkl
      md5: 3d153c9e0ca129961bc4477e3c73bea9
      size: 6039557
    - path: src/inference_api.py
      md5: 4954f2968a536938f78afbc619ed086b
      size: 2447
    - path: src/preprocess_data.py
      md5: 4418185e1646a2c3c53540b858582de9
      size: 4177
  build_inference:
    cmd: docker build -t nidhogg-inference -f docker/inference.Dockerfile .
    deps:
    - path: docker/inference.Dockerfile
      md5: d793ac30650b25ba7314203420f13333
      size: 699
    - path: outputs/models/tfidf_model.pkl
      md5: 1a0a8fa4b8d05791f905750ade2897fa
      size: 21526649
    - path: outputs/models/vectorizer.pkl
      md5: 5e94c05e7eb5bf789bebdf058fb49280
      size: 6039558
    - path: poetry.lock
      md5: b7cf33e8b1f3779b963396c21efd9df0
      size: 193328
    - path: src/common/
      md5: 5ad06006baaaba5f5c8aa731440df532.dir
      size: 3273
      nfiles: 3
    - path: src/inference.py
      md5: 30460c86db9698040a692779129d07cf
      size: 1169
  build_alertmetrics:
    cmd: docker build -t alertmetrics -f docker/alertmetrics.Dockerfile .
    deps:
    - path: docker/alertmetrics.Dockerfile
      md5: 0d65e691c8024fdbc2d3ab0f5adb009a
      size: 659
    - path: poetry.lock
      md5: b7cf33e8b1f3779b963396c21efd9df0
      size: 193328
    - path: src/alertmetrics/
      md5: a33846be3702ceb97ca5b2d7cd0badf9.dir
      size: 1541
      nfiles: 3
